
Microsoft Visual Studio Solution File, Format Version 12.00
# Visual Studio Version 17
VisualStudioVersion = 17.3.32922.545
MinimumVisualStudioVersion = 10.0.40219.1
Project("{FAE04EC0-301F-11D3-BF4B-00C04F79EFBC}") = "DesignPatterns1", "DesignPatterns1\DesignPatterns1.csproj", "{3FDA8ACE-F40D-4CEA-B695-83E0B26B7854}"
EndProject
Global
	GlobalSection(SolutionConfigurationPlatforms) = preSolution
		Debug|Any CPU = Debug|Any CPU
		Release|Any CPU = Release|Any CPU
	EndGlobalSection
	GlobalSection(ProjectConfigurationPlatforms) = postSolution
		{3FDA8ACE-F40D-4CEA-B695-83E0B26B7854}.Debug|Any CPU.ActiveCfg = Debug|Any CPU
		{3FDA8ACE-F40D-4CEA-B695-83E0B26B7854}.Debug|Any CPU.Build.0 = Debug|Any CPU
		{3FDA8ACE-F40D-4CEA-B695-83E0B26B7854}.Release|Any CPU.ActiveCfg = Release|Any CPU
		{3FDA8ACE-F40D-4CEA-B695-83E0B26B7854}.Release|Any CPU.Build.0 = Release|Any CPU
	EndGlobalSection
	GlobalSection(SolutionProperties) = preSolution
		HideSolutionNode = FALSE
	EndGlobalSection
	GlobalSection(ExtensibilityGlobals) = postSolution
		SolutionGuid = {47CA2E2D-CD38-473E-89B5-2920D9591BF6}
	EndGlobalSection
EndGlobal
